{
    "_meta": {
        "hash": {
            "sha256": "5cb4fb0314ba600b8637a2d51eba49cbc340d5cb415a75c5fba7783a44a62525"
        },
        "pipfile-spec": 6,
        "requires": {
            "python_version": "3.13"
        },
        "sources": [
            {
                "name": "pypi",
                "url": "https://pypi.org/simple",
                "verify_ssl": true
            }
        ]
    },
    "default": {
        "pybind11": {
            "hashes": [
                "sha256:9c0f40056a016da59bab516efb523089139fcc6f2ba7e4930854c61efb932051",
                "sha256:aa8f0aa6e0a94d3b64adfc38f560f33f15e589be2175e103c0a33c6bce55ee89"
            ],
            "index": "pypi",
            "markers": "python_version >= '3.8'",
            "version": "==3.0.1"
        },
        "pyqt5": {
            "hashes": [
                "sha256:6cd75628f6e732b1ffcfe709ab833a0716c0445d7aec8046a48d5843352becb6",
                "sha256:76be0322ceda5deecd1708a8d628e698089a1cea80d1a49d242a6d579a40babd",
                "sha256:bdde598a3bb95022131a5c9ea62e0a96bd6fb28932cc1619fd7ba211531b7517",
                "sha256:c8b03dd9380bb13c804f0bdb0f4956067f281785b5e12303d529f0462f9afdc2",
                "sha256:cd672a6738d1ae33ef7d9efa8e6cb0a1525ecf53ec86da80a9e1b6ec38c8d0f1",
                "sha256:fda45743ebb4a27b4b1a51c6d8ef455c4c1b5d610c90d2934c7802b5c1557c52"
            ],
            "index": "pypi",
            "markers": "python_version >= '3.8'",
            "version": "==5.15.11"
        },
        "pyqt5-qt5": {
            "hashes": [
                "sha256:8bb997eb903afa9da3221a0c9e6eaa00413bbeb4394d5706118ad05375684767",
                "sha256:bf2457e6371969736b4f660a0c153258fa03dbc6a181348218e6f05421682af7",
                "sha256:c656af9c1e6aaa7f59bf3d8995f2fa09adbf6762b470ed284c31dca80d686a26"
            ],
            "version": "==5.15.18"
        },
        "pyqt5-sip": {
            "hashes": [
                "sha256:0005227f10a6221d68f764e24181fe15b770da364fd3a67529ac13f589523991",
                "sha256:0bd1a8e59124a90a05f078bceeb9d4d93c3986c349030487c202fffde6612969",
                "sha256:291d0e2aeddd18081533804150cc59e183b3ab6b4da2b2cf701fdf3ea41ffdda",
                "sha256:2c0a278b8fc289d34d4e62bbb9ef6da96b45cc9ab3f6886397b1490d2b4a5604",
                "sha256:2dca03cd1d6c2c843e5de4d0a7b33a7812ed37d576ea65249f1a97c17d9f988b",
                "sha256:43c2bc7e7d19eb67998374c49adbaa8072d4261a286bdf64d08382bacae84fb7",
                "sha256:45dc6e2121d175fdab1431c448fd3e88c97caf873a33cb65efa2e9ad0056337b",
                "sha256:55ff374feb4bad783241649c7b946e05d7e83d60b0755526ed8fb25bf54e3408",
                "sha256:6f03c25a18294f2d66befc4f2adf3f35fceba877b937dc8a94783fa7da8b7345",
                "sha256:7e0d663b583a4d3ac63c9fbade2228de6ee628b44a025f5fd964b97dbbcbebc9",
                "sha256:7f66565c2a13d34d8ad6aad08e953d355ea3fe466d991d51aa5a0966a5289f05",
                "sha256:a6ce4b763f17ac89ef44716dbfa77ed93677ac502aa402989989508715185e74",
                "sha256:a6d716801d512643b7b1f50dfbdcd16408fe9a6df907d8627b4ad82190604bec",
                "sha256:b008755d2222a064ec90c525fce5df3fe9d410371e47c43a21c049e07683b7fb",
                "sha256:b5df33e198d5d7cccc8e081f80eb97b8d70100f887362074a029a6c19cb92c8b",
                "sha256:c617c29524fdcf826e619d77ffd0d6142622f8422adc2608ecc89edd3e605339",
                "sha256:cf8e8a88a3c031dd35bb19c4d7d9a3d65cca84719bed1bc5dd7e2aaf0cf517d2",
                "sha256:cfeee3c27f28c091d6a46f8befe9afcfafc76846846bedf1112d403a7299e864",
                "sha256:d53bea28b881cd9a4536c27c0658ae182bfb514dc1ff9235d16d10288010fc59",
                "sha256:dda1e7e6840935f17fbeb445ec5da63b9b8e7f673317019397611230faeb81a6",
                "sha256:e3bb16e43afd68dd013228075876cf8f8b1a7d86ba67767dd2c6a97be677c18d"
            ],
            "markers": "python_version >= '3.10'",
            "version": "==12.17.2"
        },
        "setuptools": {
            "hashes": [
                "sha256:062d34222ad13e0cc312a4c02d73f059e86a4acbfbdea8f8f76b28c99f306922",
                "sha256:f36b47402ecde768dbfafc46e8e4207b4360c654f1f3bb84475f0a28628fb19c"
            ],
            "index": "pypi",
            "markers": "python_version >= '3.9'",
            "version": "==80.9.0"
        }
    },
    "develop": {}
}
